{
  "name": "renit",
  "lockfileVersion": 3,
  "requires": true,
  "packages": {
    "": {
      "workspaces": [
        "packages/*"
      ]
    },
    "node_modules/renit": {
      "resolved": "packages/renit",
      "link": true
    },
    "packages/renit": {
      "version": "0.0.0",
      "license": "MIT"
    }
  }
}
